
Microsoft Visual Studio Solution File, Format Version 12.00
# Visual Studio 15
VisualStudioVersion = 15.0.28307.572
MinimumVisualStudioVersion = 10.0.40219.1
Project("{9A19103F-16F7-4668-BE54-9A1E7A4F7556}") = "TPHopital", "TPHopital\TPHopital.csproj", "{DCB01A14-2DB1-40B9-8C75-23F2E6372ACB}"
EndProject
Global
	GlobalSection(SolutionConfigurationPlatforms) = preSolution
		Debug|Any CPU = Debug|Any CPU
		Release|Any CPU = Release|Any CPU
	EndGlobalSection
	GlobalSection(ProjectConfigurationPlatforms) = postSolution
		{DCB01A14-2DB1-40B9-8C75-23F2E6372ACB}.Debug|Any CPU.ActiveCfg = Debug|Any CPU
		{DCB01A14-2DB1-40B9-8C75-23F2E6372ACB}.Debug|Any CPU.Build.0 = Debug|Any CPU
		{DCB01A14-2DB1-40B9-8C75-23F2E6372ACB}.Release|Any CPU.ActiveCfg = Release|Any CPU
		{DCB01A14-2DB1-40B9-8C75-23F2E6372ACB}.Release|Any CPU.Build.0 = Release|Any CPU
	EndGlobalSection
	GlobalSection(SolutionProperties) = preSolution
		HideSolutionNode = FALSE
	EndGlobalSection
	GlobalSection(ExtensibilityGlobals) = postSolution
		SolutionGuid = {F7622070-B385-4092-A495-143C9C14BB8B}
	EndGlobalSection
EndGlobal
